// !$*UTF8*$!
{
	archiveVersion = 1;
	classes = {
	};
	objectVersion = 56;
	objects = {

/* Begin PBXBuildFile section */
		0254AFEB295F1FB000B1AE29 /* AppDelegate.swift in Sources */ = {isa = PBXBuildFile; fileRef = 0254AFEA295F1FB000B1AE29 /* AppDelegate.swift */; };
		0254AFED295F1FB000B1AE29 /* SceneDelegate.swift in Sources */ = {isa = PBXBuildFile; fileRef = 0254AFEC295F1FB000B1AE29 /* SceneDelegate.swift */; };
		0254AFEF295F1FB000B1AE29 /* ViewController.swift in Sources */ = {isa = PBXBuildFile; fileRef = 0254AFEE295F1FB000B1AE29 /* ViewController.swift */; };
		0254AFF2295F1FB000B1AE29 /* Main.storyboard in Resources */ = {isa = PBXBuildFile; fileRef = 0254AFF0295F1FB000B1AE29 /* Main.storyboard */; };
		0254AFF4295F1FB100B1AE29 /* Assets.xcassets in Resources */ = {isa = PBXBuildFile; fileRef = 0254AFF3295F1FB100B1AE29 /* Assets.xcassets */; };
		0254AFF7295F1FB100B1AE29 /* LaunchScreen.storyboard in Resources */ = {isa = PBXBuildFile; fileRef = 0254AFF5295F1FB100B1AE29 /* LaunchScreen.storyboard */; };
		0254B002295F1FB100B1AE29 /* DsFaultsTests.swift in Sources */ = {isa = PBXBuildFile; fileRef = 0254B001295F1FB100B1AE29 /* DsFaultsTests.swift */; };
		0254B00C295F1FB100B1AE29 /* DsFaultsUITests.swift in Sources */ = {isa = PBXBuildFile; fileRef = 0254B00B295F1FB100B1AE29 /* DsFaultsUITests.swift */; };
		0254B00E295F1FB100B1AE29 /* DsFaultsUITestsLaunchTests.swift in Sources */ = {isa = PBXBuildFile; fileRef = 0254B00D295F1FB100B1AE29 /* DsFaultsUITestsLaunchTests.swift */; };
		0254B01B295F1FF900B1AE29 /* Model.swift in Sources */ = {isa = PBXBuildFile; fileRef = 0254B01A295F1FF900B1AE29 /* Model.swift */; };
/* End PBXBuildFile section */

/* Begin PBXContainerItemProxy section */
		0254AFFE295F1FB100B1AE29 /* PBXContainerItemProxy */ = {
			isa = PBXContainerItemProxy;
			containerPortal = 0254AFDF295F1FB000B1AE29 /* Project object */;
			proxyType = 1;
			remoteGlobalIDString = 0254AFE6295F1FB000B1AE29;
			remoteInfo = DsFaults;
		};
		0254B008295F1FB100B1AE29 /* PBXContainerItemProxy */ = {
			isa = PBXContainerItemProxy;
			containerPortal = 0254AFDF295F1FB000B1AE29 /* Project object */;
			proxyType = 1;
			remoteGlobalIDString = 0254AFE6295F1FB000B1AE29;
			remoteInfo = DsFaults;
		};
/* End PBXContainerItemProxy section */

/* Begin PBXFileReference section */
		0254AFE7295F1FB000B1AE29 /* DsFaults.app */ = {isa = PBXFileReference; explicitFileType = wrapper.application; includeInIndex = 0; path = DsFaults.app; sourceTree = BUILT_PRODUCTS_DIR; };
		0254AFEA295F1FB000B1AE29 /* AppDelegate.swift */ = {isa = PBXFileReference; lastKnownFileType = sourcecode.swift; path = AppDelegate.swift; sourceTree = "<group>"; };
		0254AFEC295F1FB000B1AE29 /* SceneDelegate.swift */ = {isa = PBXFileReference; lastKnownFileType = sourcecode.swift; path = SceneDelegate.swift; sourceTree = "<group>"; };
		0254AFEE295F1FB000B1AE29 /* ViewController.swift */ = {isa = PBXFileReference; lastKnownFileType = sourcecode.swift; path = ViewController.swift; sourceTree = "<group>"; };
		0254AFF1295F1FB000B1AE29 /* Base */ = {isa = PBXFileReference; lastKnownFileType = file.storyboard; name = Base; path = Base.lproj/Main.storyboard; sourceTree = "<group>"; };
		0254AFF3295F1FB100B1AE29 /* Assets.xcassets */ = {isa = PBXFileReference; lastKnownFileType = folder.assetcatalog; path = Assets.xcassets; sourceTree = "<group>"; };
		0254AFF6295F1FB100B1AE29 /* Base */ = {isa = PBXFileReference; lastKnownFileType = file.storyboard; name = Base; path = Base.lproj/LaunchScreen.storyboard; sourceTree = "<group>"; };
		0254AFF8295F1FB100B1AE29 /* Info.plist */ = {isa = PBXFileReference; lastKnownFileType = text.plist.xml; path = Info.plist; sourceTree = "<group>"; };
		0254AFFD295F1FB100B1AE29 /* DsFaultsTests.xctest */ = {isa = PBXFileReference; explicitFileType = wrapper.cfbundle; includeInIndex = 0; path = DsFaultsTests.xctest; sourceTree = BUILT_PRODUCTS_DIR; };
		0254B001295F1FB100B1AE29 /* DsFaultsTests.swift */ = {isa = PBXFileReference; lastKnownFileType = sourcecode.swift; path = DsFaultsTests.swift; sourceTree = "<group>"; };
		0254B007295F1FB100B1AE29 /* DsFaultsUITests.xctest */ = {isa = PBXFileReference; explicitFileType = wrapper.cfbundle; includeInIndex = 0; path = DsFaultsUITests.xctest; sourceTree = BUILT_PRODUCTS_DIR; };
		0254B00B295F1FB100B1AE29 /* DsFaultsUITests.swift */ = {isa = PBXFileReference; lastKnownFileType = sourcecode.swift; path = DsFaultsUITests.swift; sourceTree = "<group>"; };
		0254B00D295F1FB100B1AE29 /* DsFaultsUITestsLaunchTests.swift */ = {isa = PBXFileReference; lastKnownFileType = sourcecode.swift; path = DsFaultsUITestsLaunchTests.swift; sourceTree = "<group>"; };
		0254B01A295F1FF900B1AE29 /* Model.swift */ = {isa = PBXFileReference; lastKnownFileType = sourcecode.swift; path = Model.swift; sourceTree = "<group>"; };
/* End PBXFileReference section */

/* Begin PBXFrameworksBuildPhase section */
		0254AFE4295F1FB000B1AE29 /* Frameworks */ = {
			isa = PBXFrameworksBuildPhase;
			buildActionMask = 2147483647;
			files = (
			);
			runOnlyForDeploymentPostprocessing = 0;
		};
		0254AFFA295F1FB100B1AE29 /* Frameworks */ = {
			isa = PBXFrameworksBuildPhase;
			buildActionMask = 2147483647;
			files = (
			);
			runOnlyForDeploymentPostprocessing = 0;
		};
		0254B004295F1FB100B1AE29 /* Frameworks */ = {
			isa = PBXFrameworksBuildPhase;
			buildActionMask = 2147483647;
			files = (
			);
			runOnlyForDeploymentPostprocessing = 0;
		};
/* End PBXFrameworksBuildPhase section */

/* Begin PBXGroup section */
		0254AFDE295F1FB000B1AE29 = {
			isa = PBXGroup;
			children = (
				0254AFE9295F1FB000B1AE29 /* DsFaults */,
				0254B000295F1FB100B1AE29 /* DsFaultsTests */,
				0254B00A295F1FB100B1AE29 /* DsFaultsUITests */,
				0254AFE8295F1FB000B1AE29 /* Products */,
			);
			sourceTree = "<group>";
		};
		0254AFE8295F1FB000B1AE29 /* Products */ = {
			isa = PBXGroup;
			children = (
				0254AFE7295F1FB000B1AE29 /* DsFaults.app */,
				0254AFFD295F1FB100B1AE29 /* DsFaultsTests.xctest */,
				0254B007295F1FB100B1AE29 /* DsFaultsUITests.xctest */,
			);
			name = Products;
			sourceTree = "<group>";
		};
		0254AFE9295F1FB000B1AE29 /* DsFaults */ = {
			isa = PBXGroup;
			children = (
				0254AFEA295F1FB000B1AE29 /* AppDelegate.swift */,
				0254AFEC295F1FB000B1AE29 /* SceneDelegate.swift */,
				0254AFEE295F1FB000B1AE29 /* ViewController.swift */,
				0254AFF0295F1FB000B1AE29 /* Main.storyboard */,
				0254AFF3295F1FB100B1AE29 /* Assets.xcassets */,
				0254AFF5295F1FB100B1AE29 /* LaunchScreen.storyboard */,
				0254AFF8295F1FB100B1AE29 /* Info.plist */,
				0254B01A295F1FF900B1AE29 /* Model.swift */,
			);
			path = DsFaults;
			sourceTree = "<group>";
		};
		0254B000295F1FB100B1AE29 /* DsFaultsTests */ = {
			isa = PBXGroup;
			children = (
				0254B001295F1FB100B1AE29 /* DsFaultsTests.swift */,
			);
			path = DsFaultsTests;
			sourceTree = "<group>";
		};
		0254B00A295F1FB100B1AE29 /* DsFaultsUITests */ = {
			isa = PBXGroup;
			children = (
				0254B00B295F1FB100B1AE29 /* DsFaultsUITests.swift */,
				0254B00D295F1FB100B1AE29 /* DsFaultsUITestsLaunchTests.swift */,
			);
			path = DsFaultsUITests;
			sourceTree = "<group>";
		};
/* End PBXGroup section */

/* Begin PBXNativeTarget section */
		0254AFE6295F1FB000B1AE29 /* DsFaults */ = {
			isa = PBXNativeTarget;
			buildConfigurationList = 0254B011295F1FB100B1AE29 /* Build configuration list for PBXNativeTarget "DsFaults" */;
			buildPhases = (
				0254AFE3295F1FB000B1AE29 /* Sources */,
				0254AFE4295F1FB000B1AE29 /* Frameworks */,
				0254AFE5295F1FB000B1AE29 /* Resources */,
			);
			buildRules = (
			);
			dependencies = (
			);
			name = DsFaults;
			productName = DsFaults;
			productReference = 0254AFE7295F1FB000B1AE29 /* DsFaults.app */;
			productType = "com.apple.product-type.application";
		};
		0254AFFC295F1FB100B1AE29 /* DsFaultsTests */ = {
			isa = PBXNativeTarget;
			buildConfigurationList = 0254B014295F1FB100B1AE29 /* Build configuration list for PBXNativeTarget "DsFaultsTests" */;
			buildPhases = (
				0254AFF9295F1FB100B1AE29 /* Sources */,
				0254AFFA295F1FB100B1AE29 /* Frameworks */,
				0254AFFB295F1FB100B1AE29 /* Resources */,
			);
			buildRules = (
			);
			dependencies = (
				0254AFFF295F1FB100B1AE29 /* PBXTargetDependency */,
			);
			name = DsFaultsTests;
			productName = DsFaultsTests;
			productReference = 0254AFFD295F1FB100B1AE29 /* DsFaultsTests.xctest */;
			productType = "com.apple.product-type.bundle.unit-test";
		};
		0254B006295F1FB100B1AE29 /* DsFaultsUITests */ = {
			isa = PBXNativeTarget;
			buildConfigurationList = 0254B017295F1FB100B1AE29 /* Build configuration list for PBXNativeTarget "DsFaultsUITests" */;
			buildPhases = (
				0254B003295F1FB100B1AE29 /* Sources */,
				0254B004295F1FB100B1AE29 /* Frameworks */,
				0254B005295F1FB100B1AE29 /* Resources */,
			);
			buildRules = (
			);
			dependencies = (
				0254B009295F1FB100B1AE29 /* PBXTargetDependency */,
			);
			name = DsFaultsUITests;
			productName = DsFaultsUITests;
			productReference = 0254B007295F1FB100B1AE29 /* DsFaultsUITests.xctest */;
			productType = "com.apple.product-type.bundle.ui-testing";
		};
/* End PBXNativeTarget section */

/* Begin PBXProject section */
		0254AFDF295F1FB000B1AE29 /* Project object */ = {
			isa = PBXProject;
			attributes = {
				BuildIndependentTargetsInParallel = 1;
				LastSwiftUpdateCheck = 1420;
				LastUpgradeCheck = 1420;
				TargetAttributes = {
					0254AFE6295F1FB000B1AE29 = {
						CreatedOnToolsVersion = 14.2;
					};
					0254AFFC295F1FB100B1AE29 = {
						CreatedOnToolsVersion = 14.2;
						TestTargetID = 0254AFE6295F1FB000B1AE29;
					};
					0254B006295F1FB100B1AE29 = {
						CreatedOnToolsVersion = 14.2;
						TestTargetID = 0254AFE6295F1FB000B1AE29;
					};
				};
			};
			buildConfigurationList = 0254AFE2295F1FB000B1AE29 /* Build configuration list for PBXProject "DsFaults" */;
			compatibilityVersion = "Xcode 14.0";
			developmentRegion = en;
			hasScannedForEncodings = 0;
			knownRegions = (
				en,
				Base,
			);
			mainGroup = 0254AFDE295F1FB000B1AE29;
			productRefGroup = 0254AFE8295F1FB000B1AE29 /* Products */;
			projectDirPath = "";
			projectRoot = "";
			targets = (
				0254AFE6295F1FB000B1AE29 /* DsFaults */,
				0254AFFC295F1FB100B1AE29 /* DsFaultsTests */,
				0254B006295F1FB100B1AE29 /* DsFaultsUITests */,
			);
		};
/* End PBXProject section */

/* Begin PBXResourcesBuildPhase section */
		0254AFE5295F1FB000B1AE29 /* Resources */ = {
			isa = PBXResourcesBuildPhase;
			buildActionMask = 2147483647;
			files = (
				0254AFF7295F1FB100B1AE29 /* LaunchScreen.storyboard in Resources */,
				0254AFF4295F1FB100B1AE29 /* Assets.xcassets in Resources */,
				0254AFF2295F1FB000B1AE29 /* Main.storyboard in Resources */,
			);
			runOnlyForDeploymentPostprocessing = 0;
		};
		0254AFFB295F1FB100B1AE29 /* Resources */ = {
			isa = PBXResourcesBuildPhase;
			buildActionMask = 2147483647;
			files = (
			);
			runOnlyForDeploymentPostprocessing = 0;
		};
		0254B005295F1FB100B1AE29 /* Resources */ = {
			isa = PBXResourcesBuildPhase;
			buildActionMask = 2147483647;
			files = (
			);
			runOnlyForDeploymentPostprocessing = 0;
		};
/* End PBXResourcesBuildPhase section */

/* Begin PBXSourcesBuildPhase section */
		0254AFE3295F1FB000B1AE29 /* Sources */ = {
			isa = PBXSourcesBuildPhase;
			buildActionMask = 2147483647;
			files = (
				0254AFEF295F1FB000B1AE29 /* ViewController.swift in Sources */,
				0254AFEB295F1FB000B1AE29 /* AppDelegate.swift in Sources */,
				0254AFED295F1FB000B1AE29 /* SceneDelegate.swift in Sources */,
				0254B01B295F1FF900B1AE29 /* Model.swift in Sources */,
			);
			runOnlyForDeploymentPostprocessing = 0;
		};
		0254AFF9295F1FB100B1AE29 /* Sources */ = {
			isa = PBXSourcesBuildPhase;
			buildActionMask = 2147483647;
			files = (
				0254B002295F1FB100B1AE29 /* DsFaultsTests.swift in Sources */,
			);
			runOnlyForDeploymentPostprocessing = 0;
		};
		0254B003295F1FB100B1AE29 /* Sources */ = {
			isa = PBXSourcesBuildPhase;
			buildActionMask = 2147483647;
			files = (
				0254B00E295F1FB100B1AE29 /* DsFaultsUITestsLaunchTests.swift in Sources */,
				0254B00C295F1FB100B1AE29 /* DsFaultsUITests.swift in Sources */,
			);
			runOnlyForDeploymentPostprocessing = 0;
		};
/* End PBXSourcesBuildPhase section */

/* Begin PBXTargetDependency section */
		0254AFFF295F1FB100B1AE29 /* PBXTargetDependency */ = {
			isa = PBXTargetDependency;
			target = 0254AFE6295F1FB000B1AE29 /* DsFaults */;
			targetProxy = 0254AFFE295F1FB100B1AE29 /* PBXContainerItemProxy */;
		};
		0254B009295F1FB100B1AE29 /* PBXTargetDependency */ = {
			isa = PBXTargetDependency;
			target = 0254AFE6295F1FB000B1AE29 /* DsFaults */;
			targetProxy = 0254B008295F1FB100B1AE29 /* PBXContainerItemProxy */;
		};
/* End PBXTargetDependency section */

/* Begin PBXVariantGroup section */
		0254AFF0295F1FB000B1AE29 /* Main.storyboard */ = {
			isa = PBXVariantGroup;
			children = (
				0254AFF1295F1FB000B1AE29 /* Base */,
			);
			name = Main.storyboard;
			sourceTree = "<group>";
		};
		0254AFF5295F1FB100B1AE29 /* LaunchScreen.storyboard */ = {
			isa = PBXVariantGroup;
			children = (
				0254AFF6295F1FB100B1AE29 /* Base */,
			);
			name = LaunchScreen.storyboard;
			sourceTree = "<group>";
		};
/* End PBXVariantGroup section */

/* Begin XCBuildConfiguration section */
		0254B00F295F1FB100B1AE29 /* Debug */ = {
			isa = XCBuildConfiguration;
			buildSettings = {
				ALWAYS_SEARCH_USER_PATHS = NO;
				CLANG_ANALYZER_NONNULL = YES;
				CLANG_ANALYZER_NUMBER_OBJECT_CONVERSION = YES_AGGRESSIVE;
				CLANG_CXX_LANGUAGE_STANDARD = "gnu++20";
				CLANG_ENABLE_MODULES = YES;
				CLANG_ENABLE_OBJC_ARC = YES;
				CLANG_ENABLE_OBJC_WEAK = YES;
				CLANG_WARN_BLOCK_CAPTURE_AUTORELEASING = YES;
				CLANG_WARN_BOOL_CONVERSION = YES;
				CLANG_WARN_COMMA = YES;
				CLANG_WARN_CONSTANT_CONVERSION = YES;
				CLANG_WARN_DEPRECATED_OBJC_IMPLEMENTATIONS = YES;
				CLANG_WARN_DIRECT_OBJC_ISA_USAGE = YES_ERROR;
				CLANG_WARN_DOCUMENTATION_COMMENTS = YES;
				CLANG_WARN_EMPTY_BODY = YES;
				CLANG_WARN_ENUM_CONVERSION = YES;
				CLANG_WARN_INFINITE_RECURSION = YES;
				CLANG_WARN_INT_CONVERSION = YES;
				CLANG_WARN_NON_LITERAL_NULL_CONVERSION = YES;
				CLANG_WARN_OBJC_IMPLICIT_RETAIN_SELF = YES;
				CLANG_WARN_OBJC_LITERAL_CONVERSION = YES;
				CLANG_WARN_OBJC_ROOT_CLASS = YES_ERROR;
				CLANG_WARN_QUOTED_INCLUDE_IN_FRAMEWORK_HEADER = YES;
				CLANG_WARN_RANGE_LOOP_ANALYSIS = YES;
				CLANG_WARN_STRICT_PROTOTYPES = YES;
				CLANG_WARN_SUSPICIOUS_MOVE = YES;
				CLANG_WARN_UNGUARDED_AVAILABILITY = YES_AGGRESSIVE;
				CLANG_WARN_UNREACHABLE_CODE = YES;
				CLANG_WARN__DUPLICATE_METHOD_MATCH = YES;
				COPY_PHASE_STRIP = NO;
				DEBUG_INFORMATION_FORMAT = dwarf;
				ENABLE_STRICT_OBJC_MSGSEND = YES;
				ENABLE_TESTABILITY = YES;
				GCC_C_LANGUAGE_STANDARD = gnu11;
				GCC_DYNAMIC_NO_PIC = NO;
				GCC_NO_COMMON_BLOCKS = YES;
				GCC_OPTIMIZATION_LEVEL = 0;
				GCC_PREPROCESSOR_DEFINITIONS = (
					"DEBUG=1",
					"$(inherited)",
				);
				GCC_WARN_64_TO_32_BIT_CONVERSION = YES;
				GCC_WARN_ABOUT_RETURN_TYPE = YES_ERROR;
				GCC_WARN_UNDECLARED_SELECTOR = YES;
				GCC_WARN_UNINITIALIZED_AUTOS = YES_AGGRESSIVE;
				GCC_WARN_UNUSED_FUNCTION = YES;
				GCC_WARN_UNUSED_VARIABLE = YES;
				IPHONEOS_DEPLOYMENT_TARGET = 16.2;
				MTL_ENABLE_DEBUG_INFO = INCLUDE_SOURCE;
				MTL_FAST_MATH = YES;
				ONLY_ACTIVE_ARCH = YES;
				SDKROOT = iphoneos;
				SWIFT_ACTIVE_COMPILATION_CONDITIONS = DEBUG;
				SWIFT_OPTIMIZATION_LEVEL = "-Onone";
			};
			name = Debug;
		};
		0254B010295F1FB100B1AE29 /* Release */ = {
			isa = XCBuildConfiguration;
			buildSettings = {
				ALWAYS_SEARCH_USER_PATHS = NO;
				CLANG_ANALYZER_NONNULL = YES;
				CLANG_ANALYZER_NUMBER_OBJECT_CONVERSION = YES_AGGRESSIVE;
				CLANG_CXX_LANGUAGE_STANDARD = "gnu++20";
				CLANG_ENABLE_MODULES = YES;
				CLANG_ENABLE_OBJC_ARC = YES;
				CLANG_ENABLE_OBJC_WEAK = YES;
				CLANG_WARN_BLOCK_CAPTURE_AUTORELEASING = YES;
				CLANG_WARN_BOOL_CONVERSION = YES;
				CLANG_WARN_COMMA = YES;
				CLANG_WARN_CONSTANT_CONVERSION = YES;
				CLANG_WARN_DEPRECATED_OBJC_IMPLEMENTATIONS = YES;
				CLANG_WARN_DIRECT_OBJC_ISA_USAGE = YES_ERROR;
				CLANG_WARN_DOCUMENTATION_COMMENTS = YES;
				CLANG_WARN_EMPTY_BODY = YES;
				CLANG_WARN_ENUM_CONVERSION = YES;
				CLANG_WARN_INFINITE_RECURSION = YES;
				CLANG_WARN_INT_CONVERSION = YES;
				CLANG_WARN_NON_LITERAL_NULL_CONVERSION = YES;
				CLANG_WARN_OBJC_IMPLICIT_RETAIN_SELF = YES;
				CLANG_WARN_OBJC_LITERAL_CONVERSION = YES;
				CLANG_WARN_OBJC_ROOT_CLASS = YES_ERROR;
				CLANG_WARN_QUOTED_INCLUDE_IN_FRAMEWORK_HEADER = YES;
				CLANG_WARN_RANGE_LOOP_ANALYSIS = YES;
				CLANG_WARN_STRICT_PROTOTYPES = YES;
				CLANG_WARN_SUSPICIOUS_MOVE = YES;
				CLANG_WARN_UNGUARDED_AVAILABILITY = YES_AGGRESSIVE;
				CLANG_WARN_UNREACHABLE_CODE = YES;
				CLANG_WARN__DUPLICATE_METHOD_MATCH = YES;
				COPY_PHASE_STRIP = NO;
				DEBUG_INFORMATION_FORMAT = "dwarf-with-dsym";
				ENABLE_NS_ASSERTIONS = NO;
				ENABLE_STRICT_OBJC_MSGSEND = YES;
				GCC_C_LANGUAGE_STANDARD = gnu11;
				GCC_NO_COMMON_BLOCKS = YES;
				GCC_WARN_64_TO_32_BIT_CONVERSION = YES;
				GCC_WARN_ABOUT_RETURN_TYPE = YES_ERROR;
				GCC_WARN_UNDECLARED_SELECTOR = YES;
				GCC_WARN_UNINITIALIZED_AUTOS = YES_AGGRESSIVE;
				GCC_WARN_UNUSED_FUNCTION = YES;
				GCC_WARN_UNUSED_VARIABLE = YES;
				IPHONEOS_DEPLOYMENT_TARGET = 16.2;
				MTL_ENABLE_DEBUG_INFO = NO;
				MTL_FAST_MATH = YES;
				SDKROOT = iphoneos;
				SWIFT_COMPILATION_MODE = wholemodule;
				SWIFT_OPTIMIZATION_LEVEL = "-O";
				VALIDATE_PRODUCT = YES;
			};
			name = Release;
		};
		0254B012295F1FB100B1AE29 /* Debug */ = {
			isa = XCBuildConfiguration;
			buildSettings = {
				ASSETCATALOG_COMPILER_APPICON_NAME = AppIcon;
				ASSETCATALOG_COMPILER_GLOBAL_ACCENT_COLOR_NAME = AccentColor;
				CODE_SIGN_STYLE = Automatic;
				CURRENT_PROJECT_VERSION = 1;
				GENERATE_INFOPLIST_FILE = YES;
				INFOPLIST_FILE = DsFaults/Info.plist;
				INFOPLIST_KEY_UIApplicationSupportsIndirectInputEvents = YES;
				INFOPLIST_KEY_UILaunchStoryboardName = LaunchScreen;
				INFOPLIST_KEY_UIMainStoryboardFile = Main;
				INFOPLIST_KEY_UISupportedInterfaceOrientations_iPad = "UIInterfaceOrientationPortrait UIInterfaceOrientationPortraitUpsideDown UIInterfaceOrientationLandscapeLeft UIInterfaceOrientationLandscapeRight";
				INFOPLIST_KEY_UISupportedInterfaceOrientations_iPhone = "UIInterfaceOrientationPortrait UIInterfaceOrientationLandscapeLeft UIInterfaceOrientationLandscapeRight";
				LD_RUNPATH_SEARCH_PATHS = (
					"$(inherited)",
					"@executable_path/Frameworks",
				);
				MARKETING_VERSION = 1.0;
				PRODUCT_BUNDLE_IDENTIFIER = com.enhanceit.DsFaults;
				PRODUCT_NAME = "$(TARGET_NAME)";
				SWIFT_EMIT_LOC_STRINGS = YES;
				SWIFT_VERSION = 5.0;
				TARGETED_DEVICE_FAMILY = "1,2";
			};
			name = Debug;
		};
		0254B013295F1FB100B1AE29 /* Release */ = {
			isa = XCBuildConfiguration;
			buildSettings = {
				ASSETCATALOG_COMPILER_APPICON_NAME = AppIcon;
				ASSETCATALOG_COMPILER_GLOBAL_ACCENT_COLOR_NAME = AccentColor;
				CODE_SIGN_STYLE = Automatic;
				CURRENT_PROJECT_VERSION = 1;
				GENERATE_INFOPLIST_FILE = YES;
				INFOPLIST_FILE = DsFaults/Info.plist;
				INFOPLIST_KEY_UIApplicationSupportsIndirectInputEvents = YES;
				INFOPLIST_KEY_UILaunchStoryboardName = LaunchScreen;
				INFOPLIST_KEY_UIMainStoryboardFile = Main;
				INFOPLIST_KEY_UISupportedInterfaceOrientations_iPad = "UIInterfaceOrientationPortrait UIInterfaceOrientationPortraitUpsideDown UIInterfaceOrientationLandscapeLeft UIInterfaceOrientationLandscapeRight";
				INFOPLIST_KEY_UISupportedInterfaceOrientations_iPhone = "UIInterfaceOrientationPortrait UIInterfaceOrientationLandscapeLeft UIInterfaceOrientationLandscapeRight";
				LD_RUNPATH_SEARCH_PATHS = (
					"$(inherited)",
					"@executable_path/Frameworks",
				);
				MARKETING_VERSION = 1.0;
				PRODUCT_BUNDLE_IDENTIFIER = com.enhanceit.DsFaults;
				PRODUCT_NAME = "$(TARGET_NAME)";
				SWIFT_EMIT_LOC_STRINGS = YES;
				SWIFT_VERSION = 5.0;
				TARGETED_DEVICE_FAMILY = "1,2";
			};
			name = Release;
		};
		0254B015295F1FB100B1AE29 /* Debug */ = {
			isa = XCBuildConfiguration;
			buildSettings = {
				ALWAYS_EMBED_SWIFT_STANDARD_LIBRARIES = YES;
				BUNDLE_LOADER = "$(TEST_HOST)";
				CODE_SIGN_STYLE = Automatic;
				CURRENT_PROJECT_VERSION = 1;
				GENERATE_INFOPLIST_FILE = YES;
				IPHONEOS_DEPLOYMENT_TARGET = 16.2;
				MARKETING_VERSION = 1.0;
				PRODUCT_BUNDLE_IDENTIFIER = com.enhanceit.DsFaultsTests;
				PRODUCT_NAME = "$(TARGET_NAME)";
				SWIFT_EMIT_LOC_STRINGS = NO;
				SWIFT_VERSION = 5.0;
				TARGETED_DEVICE_FAMILY = "1,2";
				TEST_HOST = "$(BUILT_PRODUCTS_DIR)/DsFaults.app/$(BUNDLE_EXECUTABLE_FOLDER_PATH)/DsFaults";
			};
			name = Debug;
		};
		0254B016295F1FB100B1AE29 /* Release */ = {
			isa = XCBuildConfiguration;
			buildSettings = {
				ALWAYS_EMBED_SWIFT_STANDARD_LIBRARIES = YES;
				BUNDLE_LOADER = "$(TEST_HOST)";
				CODE_SIGN_STYLE = Automatic;
				CURRENT_PROJECT_VERSION = 1;
				GENERATE_INFOPLIST_FILE = YES;
				IPHONEOS_DEPLOYMENT_TARGET = 16.2;
				MARKETING_VERSION = 1.0;
				PRODUCT_BUNDLE_IDENTIFIER = com.enhanceit.DsFaultsTests;
				PRODUCT_NAME = "$(TARGET_NAME)";
				SWIFT_EMIT_LOC_STRINGS = NO;
				SWIFT_VERSION = 5.0;
				TARGETED_DEVICE_FAMILY = "1,2";
				TEST_HOST = "$(BUILT_PRODUCTS_DIR)/DsFaults.app/$(BUNDLE_EXECUTABLE_FOLDER_PATH)/DsFaults";
			};
			name = Release;
		};
		0254B018295F1FB100B1AE29 /* Debug */ = {
			isa = XCBuildConfiguration;
			buildSettings = {
				ALWAYS_EMBED_SWIFT_STANDARD_LIBRARIES = YES;
				CODE_SIGN_STYLE = Automatic;
				CURRENT_PROJECT_VERSION = 1;
				GENERATE_INFOPLIST_FILE = YES;
				MARKETING_VERSION = 1.0;
				PRODUCT_BUNDLE_IDENTIFIER = com.enhanceit.DsFaultsUITests;
				PRODUCT_NAME = "$(TARGET_NAME)";
				SWIFT_EMIT_LOC_STRINGS = NO;
				SWIFT_VERSION = 5.0;
				TARGETED_DEVICE_FAMILY = "1,2";
				TEST_TARGET_NAME = DsFaults;
			};
			name = Debug;
		};
		0254B019295F1FB100B1AE29 /* Release */ = {
			isa = XCBuildConfiguration;
			buildSettings = {
				ALWAYS_EMBED_SWIFT_STANDARD_LIBRARIES = YES;
				CODE_SIGN_STYLE = Automatic;
				CURRENT_PROJECT_VERSION = 1;
				GENERATE_INFOPLIST_FILE = YES;
				MARKETING_VERSION = 1.0;
				PRODUCT_BUNDLE_IDENTIFIER = com.enhanceit.DsFaultsUITests;
				PRODUCT_NAME = "$(TARGET_NAME)";
				SWIFT_EMIT_LOC_STRINGS = NO;
				SWIFT_VERSION = 5.0;
				TARGETED_DEVICE_FAMILY = "1,2";
				TEST_TARGET_NAME = DsFaults;
			};
			name = Release;
		};
/* End XCBuildConfiguration section */

/* Begin XCConfigurationList section */
		0254AFE2295F1FB000B1AE29 /* Build configuration list for PBXProject "DsFaults" */ = {
			isa = XCConfigurationList;
			buildConfigurations = (
				0254B00F295F1FB100B1AE29 /* Debug */,
				0254B010295F1FB100B1AE29 /* Release */,
			);
			defaultConfigurationIsVisible = 0;
			defaultConfigurationName = Release;
		};
		0254B011295F1FB100B1AE29 /* Build configuration list for PBXNativeTarget "DsFaults" */ = {
			isa = XCConfigurationList;
			buildConfigurations = (
				0254B012295F1FB100B1AE29 /* Debug */,
				0254B013295F1FB100B1AE29 /* Release */,
			);
			defaultConfigurationIsVisible = 0;
			defaultConfigurationName = Release;
		};
		0254B014295F1FB100B1AE29 /* Build configuration list for PBXNativeTarget "DsFaultsTests" */ = {
			isa = XCConfigurationList;
			buildConfigurations = (
				0254B015295F1FB100B1AE29 /* Debug */,
				0254B016295F1FB100B1AE29 /* Release */,
			);
			defaultConfigurationIsVisible = 0;
			defaultConfigurationName = Release;
		};
		0254B017295F1FB100B1AE29 /* Build configuration list for PBXNativeTarget "DsFaultsUITests" */ = {
			isa = XCConfigurationList;
			buildConfigurations = (
				0254B018295F1FB100B1AE29 /* Debug */,
				0254B019295F1FB100B1AE29 /* Release */,
			);
			defaultConfigurationIsVisible = 0;
			defaultConfigurationName = Release;
		};
/* End XCConfigurationList section */
	};
	rootObject = 0254AFDF295F1FB000B1AE29 /* Project object */;
}
